
Microsoft Visual Studio Solution File, Format Version 12.00
# Visual Studio Version 17
VisualStudioVersion = 17.13.35919.96 d17.13
MinimumVisualStudioVersion = 10.0.40219.1
Project("{FAE04EC0-301F-11D3-BF4B-00C04F79EFBC}") = "Partec", "Partec\Partec.csproj", "{DA332824-626D-44E9-9102-F5E5E8FE6C7C}"
EndProject
Global
	GlobalSection(SolutionConfigurationPlatforms) = preSolution
		Debug|Any CPU = Debug|Any CPU
		Release|Any CPU = Release|Any CPU
	EndGlobalSection
	GlobalSection(ProjectConfigurationPlatforms) = postSolution
		{DA332824-626D-44E9-9102-F5E5E8FE6C7C}.Debug|Any CPU.ActiveCfg = Debug|Any CPU
		{DA332824-626D-44E9-9102-F5E5E8FE6C7C}.Debug|Any CPU.Build.0 = Debug|Any CPU
		{DA332824-626D-44E9-9102-F5E5E8FE6C7C}.Release|Any CPU.ActiveCfg = Release|Any CPU
		{DA332824-626D-44E9-9102-F5E5E8FE6C7C}.Release|Any CPU.Build.0 = Release|Any CPU
	EndGlobalSection
	GlobalSection(SolutionProperties) = preSolution
		HideSolutionNode = FALSE
	EndGlobalSection
	GlobalSection(ExtensibilityGlobals) = postSolution
		SolutionGuid = {049AA0C9-965C-4D6F-8B1A-265E0BE4322C}
	EndGlobalSection
EndGlobal
